
Microsoft Visual Studio Solution File, Format Version 11.00
# Visual Studio 2010
Project("{FAE04EC0-301F-11D3-BF4B-00C04F79EFBC}") = "FL8", "Assembly-CSharp.csproj", "{7B62898C-8C79-1E7A-AE5E-7B25BEC7C1B5}"
EndProject
Project("{FAE04EC0-301F-11D3-BF4B-00C04F79EFBC}") = "FL8", "Assembly-CSharp-Editor.csproj", "{575C47A8-A48D-26F7-AA82-6848809C23B7}"
EndProject
Global
	GlobalSection(SolutionConfigurationPlatforms) = preSolution
		Debug|Any CPU = Debug|Any CPU
		Release|Any CPU = Release|Any CPU
	EndGlobalSection
	GlobalSection(ProjectConfigurationPlatforms) = postSolution
		{7B62898C-8C79-1E7A-AE5E-7B25BEC7C1B5}.Debug|Any CPU.ActiveCfg = Debug|Any CPU
		{7B62898C-8C79-1E7A-AE5E-7B25BEC7C1B5}.Debug|Any CPU.Build.0 = Debug|Any CPU
		{7B62898C-8C79-1E7A-AE5E-7B25BEC7C1B5}.Release|Any CPU.ActiveCfg = Release|Any CPU
		{7B62898C-8C79-1E7A-AE5E-7B25BEC7C1B5}.Release|Any CPU.Build.0 = Release|Any CPU
		{575C47A8-A48D-26F7-AA82-6848809C23B7}.Debug|Any CPU.ActiveCfg = Debug|Any CPU
		{575C47A8-A48D-26F7-AA82-6848809C23B7}.Debug|Any CPU.Build.0 = Debug|Any CPU
		{575C47A8-A48D-26F7-AA82-6848809C23B7}.Release|Any CPU.ActiveCfg = Release|Any CPU
		{575C47A8-A48D-26F7-AA82-6848809C23B7}.Release|Any CPU.Build.0 = Release|Any CPU
	EndGlobalSection
	GlobalSection(SolutionProperties) = preSolution
		HideSolutionNode = FALSE
	EndGlobalSection
	GlobalSection(MonoDevelopProperties) = preSolution
		StartupItem = Assembly-CSharp.csproj
	EndGlobalSection
EndGlobal
